<?xml version="1.0" encoding="utf-8"?>
<Project ToolsVersion="4.0" xmlns="http://schemas.microsoft.com/developer/msbuild/2003">
  <ItemGroup>
    <Filter Include="Source Files">
      <UniqueIdentifier>{4FC737F1-C7A5-4376-A066-2A32D752A2FF}</UniqueIdentifier>
      <Extensions>cpp;c;cc;cxx;c++;cppm;ixx;def;odl;idl;hpj;bat;asm;asmx</Extensions>
    </Filter>
    <Filter Include="Resource Files">
      <UniqueIdentifier>{67DA6AB6-F800-4c08-8B7A-83BB121AAD01}</UniqueIdentifier>
      <Extensions>rc;ico;cur;bmp;dlg;rc2;rct;bin;rgs;gif;jpg;jpeg;jpe;resx;tiff;tif;png;wav;mfcribbon-ms</Extensions>
    </Filter>
    <Filter Include="QPL">
      <UniqueIdentifier>{93995380-89BD-4b04-88EB-625FBE52EBFB}</UniqueIdentifier>
      <Extensions>h;hh;hpp;hxx;h++;hm;inl;inc;ipp;xsd</Extensions>
    </Filter>
    <Filter Include="QPL\HPP">
      <UniqueIdentifier>{b8805336-292a-45f4-83a3-b81bf607acc2}</UniqueIdentifier>
    </Filter>
    <Filter Include="QPL\CPP">
      <UniqueIdentifier>{8ce916a2-d535-434b-9e16-10b46f41f931}</UniqueIdentifier>
    </Filter>
    <Filter Include="QPL\CPP\QSF">
      <UniqueIdentifier>{9eba950b-88d6-492a-98bd-7c3a9ffac25e}</UniqueIdentifier>
    </Filter>
    <Filter Include="QPL\CPP\QGL">
      <UniqueIdentifier>{1eaf9e04-5d7a-44af-aa68-f82b49c16261}</UniqueIdentifier>
    </Filter>
    <Filter Include="QPL\HPP\QSF">
      <UniqueIdentifier>{ec68aea0-7176-4fef-8ae0-2388aadca7a1}</UniqueIdentifier>
    </Filter>
    <Filter Include="QPL\HPP\QGL">
      <UniqueIdentifier>{8178c299-d019-44c4-b21f-2b5edc6a2d86}</UniqueIdentifier>
    </Filter>
  </ItemGroup>
  <ItemGroup>
    <ClCompile Include="src\main.cpp">
      <Filter>Source Files</Filter>
    </ClCompile>
    <ClCompile Include="..\..\..\..\..\libraries\QPL\src\qpl\QGL\glew.cpp">
      <Filter>QPL\CPP\QGL</Filter>
    </ClCompile>
    <ClCompile Include="..\..\..\..\..\libraries\QPL\src\qpl\QGL\shader.cpp">
      <Filter>QPL\CPP\QGL</Filter>
    </ClCompile>
    <ClCompile Include="..\..\..\..\..\libraries\QPL\src\qpl\QGL\shape.cpp">
      <Filter>QPL\CPP\QGL</Filter>
    </ClCompile>
    <ClCompile Include="..\..\..\..\..\libraries\QPL\src\qpl\QGL\vertex_array.cpp">
      <Filter>QPL\CPP\QGL</Filter>
    </ClCompile>
    <ClCompile Include="..\..\..\..\..\libraries\QPL\src\qpl\QSF\drawables.cpp">
      <Filter>QPL\CPP\QSF</Filter>
    </ClCompile>
    <ClCompile Include="..\..\..\..\..\libraries\QPL\src\qpl\QSF\event_info.cpp">
      <Filter>QPL\CPP\QSF</Filter>
    </ClCompile>
    <ClCompile Include="..\..\..\..\..\libraries\QPL\src\qpl\QSF\framework.cpp">
      <Filter>QPL\CPP\QSF</Filter>
    </ClCompile>
    <ClCompile Include="..\..\..\..\..\libraries\QPL\src\qpl\QSF\resources.cpp">
      <Filter>QPL\CPP\QSF</Filter>
    </ClCompile>
    <ClCompile Include="..\..\..\..\..\libraries\QPL\src\qpl\QSF\socket.cpp">
      <Filter>QPL\CPP\QSF</Filter>
    </ClCompile>
    <ClCompile Include="..\..\..\..\..\libraries\QPL\src\qpl\QSF\ui_controls.cpp">
      <Filter>QPL\CPP\QSF</Filter>
    </ClCompile>
    <ClCompile Include="..\..\..\..\..\libraries\QPL\src\qpl\QSF\utility.cpp">
      <Filter>QPL\CPP\QSF</Filter>
    </ClCompile>
    <ClCompile Include="..\..\..\..\..\libraries\QPL\src\qpl\bits.cpp">
      <Filter>QPL\CPP</Filter>
    </ClCompile>
    <ClCompile Include="..\..\..\..\..\libraries\QPL\src\qpl\camera.cpp">
      <Filter>QPL\CPP</Filter>
    </ClCompile>
    <ClCompile Include="..\..\..\..\..\libraries\QPL\src\qpl\codec.cpp">
      <Filter>QPL\CPP</Filter>
    </ClCompile>
    <ClCompile Include="..\..\..\..\..\libraries\QPL\src\qpl\color.cpp">
      <Filter>QPL\CPP</Filter>
    </ClCompile>
    <ClCompile Include="..\..\..\..\..\libraries\QPL\src\qpl\compression.cpp">
      <Filter>QPL\CPP</Filter>
    </ClCompile>
    <ClCompile Include="..\..\..\..\..\libraries\QPL\src\qpl\config.cpp">
      <Filter>QPL\CPP</Filter>
    </ClCompile>
    <ClCompile Include="..\..\..\..\..\libraries\QPL\src\qpl\date.cpp">
      <Filter>QPL\CPP</Filter>
    </ClCompile>
    <ClCompile Include="..\..\..\..\..\libraries\QPL\src\qpl\encryption.cpp">
      <Filter>QPL\CPP</Filter>
    </ClCompile>
    <ClCompile Include="..\..\..\..\..\libraries\QPL\src\qpl\filesys.cpp">
      <Filter>QPL\CPP</Filter>
    </ClCompile>
    <ClCompile Include="..\..\..\..\..\libraries\QPL\src\qpl\maths.cpp">
      <Filter>QPL\CPP</Filter>
    </ClCompile>
    <ClCompile Include="..\..\..\..\..\libraries\QPL\src\qpl\memory.cpp">
      <Filter>QPL\CPP</Filter>
    </ClCompile>
    <ClCompile Include="..\..\..\..\..\libraries\QPL\src\qpl\neural_net.cpp">
      <Filter>QPL\CPP</Filter>
    </ClCompile>
    <ClCompile Include="..\..\..\..\..\libraries\QPL\src\qpl\pictures.cpp">
      <Filter>QPL\CPP</Filter>
    </ClCompile>
    <ClCompile Include="..\..\..\..\..\libraries\QPL\src\qpl\random.cpp">
      <Filter>QPL\CPP</Filter>
    </ClCompile>
    <ClCompile Include="..\..\..\..\..\libraries\QPL\src\qpl\string.cpp">
      <Filter>QPL\CPP</Filter>
    </ClCompile>
    <ClCompile Include="..\..\..\..\..\libraries\QPL\src\qpl\system.cpp">
      <Filter>QPL\CPP</Filter>
    </ClCompile>
    <ClCompile Include="..\..\..\..\..\libraries\QPL\src\qpl\time.cpp">
      <Filter>QPL\CPP</Filter>
    </ClCompile>
    <ClCompile Include="..\..\..\..\..\libraries\QPL\src\qpl\winsock.cpp">
      <Filter>QPL\CPP</Filter>
    </ClCompile>
    <ClCompile Include="..\..\..\..\..\libraries\QPL\src\qpl\winsys.cpp">
      <Filter>QPL\CPP</Filter>
    </ClCompile>
    <ClCompile Include="..\..\..\..\..\libraries\QPL\src\qpl\winsys_utils.cpp">
      <Filter>QPL\CPP</Filter>
    </ClCompile>
  </ItemGroup>
  <ItemGroup>
    <ClInclude Include="..\..\..\..\..\libraries\QPL\include\qpl\QSF\drawables.hpp">
      <Filter>QPL\HPP\QSF</Filter>
    </ClInclude>
    <ClInclude Include="..\..\..\..\..\libraries\QPL\include\qpl\QSF\event_info.hpp">
      <Filter>QPL\HPP\QSF</Filter>
    </ClInclude>
    <ClInclude Include="..\..\..\..\..\libraries\QPL\include\qpl\QSF\framework.hpp">
      <Filter>QPL\HPP\QSF</Filter>
    </ClInclude>
    <ClInclude Include="..\..\..\..\..\libraries\QPL\include\qpl\QSF\resources.hpp">
      <Filter>QPL\HPP\QSF</Filter>
    </ClInclude>
    <ClInclude Include="..\..\..\..\..\libraries\QPL\include\qpl\QSF\socket.hpp">
      <Filter>QPL\HPP\QSF</Filter>
    </ClInclude>
    <ClInclude Include="..\..\..\..\..\libraries\QPL\include\qpl\QSF\ui_controls.hpp">
      <Filter>QPL\HPP\QSF</Filter>
    </ClInclude>
    <ClInclude Include="..\..\..\..\..\libraries\QPL\include\qpl\QSF\utility.hpp">
      <Filter>QPL\HPP\QSF</Filter>
    </ClInclude>
    <ClInclude Include="..\..\..\..\..\libraries\QPL\include\qpl\QSF\view.hpp">
      <Filter>QPL\HPP\QSF</Filter>
    </ClInclude>
    <ClInclude Include="..\..\..\..\..\libraries\QPL\include\qpl\QSF\view_control.hpp">
      <Filter>QPL\HPP\QSF</Filter>
    </ClInclude>
    <ClInclude Include="..\..\..\..\..\libraries\QPL\include\qpl\QGL\attributes.hpp">
      <Filter>QPL\HPP\QGL</Filter>
    </ClInclude>
    <ClInclude Include="..\..\..\..\..\libraries\QPL\include\qpl\QGL\glew.hpp">
      <Filter>QPL\HPP\QGL</Filter>
    </ClInclude>
    <ClInclude Include="..\..\..\..\..\libraries\QPL\include\qpl\QGL\shader.hpp">
      <Filter>QPL\HPP\QGL</Filter>
    </ClInclude>
    <ClInclude Include="..\..\..\..\..\libraries\QPL\include\qpl\QGL\shapes.hpp">
      <Filter>QPL\HPP\QGL</Filter>
    </ClInclude>
    <ClInclude Include="..\..\..\..\..\libraries\QPL\include\qpl\QGL\vertex.hpp">
      <Filter>QPL\HPP\QGL</Filter>
    </ClInclude>
    <ClInclude Include="..\..\..\..\..\libraries\QPL\include\qpl\QGL\vertex_array.hpp">
      <Filter>QPL\HPP\QGL</Filter>
    </ClInclude>
    <ClInclude Include="..\..\..\..\..\libraries\QPL\include\qpl\algorithm.hpp">
      <Filter>QPL\HPP</Filter>
    </ClInclude>
    <ClInclude Include="..\..\..\..\..\libraries\QPL\include\qpl\bits.hpp">
      <Filter>QPL\HPP</Filter>
    </ClInclude>
    <ClInclude Include="..\..\..\..\..\libraries\QPL\include\qpl\camera.hpp">
      <Filter>QPL\HPP</Filter>
    </ClInclude>
    <ClInclude Include="..\..\..\..\..\libraries\QPL\include\qpl\codec.hpp">
      <Filter>QPL\HPP</Filter>
    </ClInclude>
    <ClInclude Include="..\..\..\..\..\libraries\QPL\include\qpl\color.hpp">
      <Filter>QPL\HPP</Filter>
    </ClInclude>
    <ClInclude Include="..\..\..\..\..\libraries\QPL\include\qpl\compression.hpp">
      <Filter>QPL\HPP</Filter>
    </ClInclude>
    <ClInclude Include="..\..\..\..\..\libraries\QPL\include\qpl\config.hpp">
      <Filter>QPL\HPP</Filter>
    </ClInclude>
    <ClInclude Include="..\..\..\..\..\libraries\QPL\include\qpl\date.hpp">
      <Filter>QPL\HPP</Filter>
    </ClInclude>
    <ClInclude Include="..\..\..\..\..\libraries\QPL\include\qpl\defines.hpp">
      <Filter>QPL\HPP</Filter>
    </ClInclude>
    <ClInclude Include="..\..\..\..\..\libraries\QPL\include\qpl\encryption.hpp">
      <Filter>QPL\HPP</Filter>
    </ClInclude>
    <ClInclude Include="..\..\..\..\..\libraries\QPL\include\qpl\exception.hpp">
      <Filter>QPL\HPP</Filter>
    </ClInclude>
    <ClInclude Include="..\..\..\..\..\libraries\QPL\include\qpl\filesys.hpp">
      <Filter>QPL\HPP</Filter>
    </ClInclude>
    <ClInclude Include="..\..\..\..\..\libraries\QPL\include\qpl\fraction.hpp">
      <Filter>QPL\HPP</Filter>
    </ClInclude>
    <ClInclude Include="..\..\..\..\..\libraries\QPL\include\qpl\intrinsics.hpp">
      <Filter>QPL\HPP</Filter>
    </ClInclude>
    <ClInclude Include="..\..\..\..\..\libraries\QPL\include\qpl\iterator.hpp">
      <Filter>QPL\HPP</Filter>
    </ClInclude>
    <ClInclude Include="..\..\..\..\..\libraries\QPL\include\qpl\lut.hpp">
      <Filter>QPL\HPP</Filter>
    </ClInclude>
    <ClInclude Include="..\..\..\..\..\libraries\QPL\include\qpl\maths.hpp">
      <Filter>QPL\HPP</Filter>
    </ClInclude>
    <ClInclude Include="..\..\..\..\..\libraries\QPL\include\qpl\memory.hpp">
      <Filter>QPL\HPP</Filter>
    </ClInclude>
    <ClInclude Include="..\..\..\..\..\libraries\QPL\include\qpl\neural_net.hpp">
      <Filter>QPL\HPP</Filter>
    </ClInclude>
    <ClInclude Include="..\..\..\..\..\libraries\QPL\include\qpl\number.hpp">
      <Filter>QPL\HPP</Filter>
    </ClInclude>
    <ClInclude Include="..\..\..\..\..\libraries\QPL\include\qpl\obfuscate.hpp">
      <Filter>QPL\HPP</Filter>
    </ClInclude>
    <ClInclude Include="..\..\..\..\..\libraries\QPL\include\qpl\path_finding.hpp">
      <Filter>QPL\HPP</Filter>
    </ClInclude>
    <ClInclude Include="..\..\..\..\..\libraries\QPL\include\qpl\perlin_noise.hpp">
      <Filter>QPL\HPP</Filter>
    </ClInclude>
    <ClInclude Include="..\..\..\..\..\libraries\QPL\include\qpl\pictures.hpp">
      <Filter>QPL\HPP</Filter>
    </ClInclude>
    <ClInclude Include="..\..\..\..\..\libraries\QPL\include\qpl\qpl.hpp">
      <Filter>QPL\HPP</Filter>
    </ClInclude>
    <ClInclude Include="..\..\..\..\..\libraries\QPL\include\qpl\qpldeclspec.hpp">
      <Filter>QPL\HPP</Filter>
    </ClInclude>
    <ClInclude Include="..\..\..\..\..\libraries\QPL\include\qpl\random.hpp">
      <Filter>QPL\HPP</Filter>
    </ClInclude>
    <ClInclude Include="..\..\..\..\..\libraries\QPL\include\qpl\smooth.hpp">
      <Filter>QPL\HPP</Filter>
    </ClInclude>
    <ClInclude Include="..\..\..\..\..\libraries\QPL\include\qpl\string.hpp">
      <Filter>QPL\HPP</Filter>
    </ClInclude>
    <ClInclude Include="..\..\..\..\..\libraries\QPL\include\qpl\system.hpp">
      <Filter>QPL\HPP</Filter>
    </ClInclude>
    <ClInclude Include="..\..\..\..\..\libraries\QPL\include\qpl\time.hpp">
      <Filter>QPL\HPP</Filter>
    </ClInclude>
    <ClInclude Include="..\..\..\..\..\libraries\QPL\include\qpl\type_traits.hpp">
      <Filter>QPL\HPP</Filter>
    </ClInclude>
    <ClInclude Include="..\..\..\..\..\libraries\QPL\include\qpl\vardef.hpp">
      <Filter>QPL\HPP</Filter>
    </ClInclude>
    <ClInclude Include="..\..\..\..\..\libraries\QPL\include\qpl\vector.hpp">
      <Filter>QPL\HPP</Filter>
    </ClInclude>
    <ClInclude Include="..\..\..\..\..\libraries\QPL\include\qpl\winsock.hpp">
      <Filter>QPL\HPP</Filter>
    </ClInclude>
    <ClInclude Include="..\..\..\..\..\libraries\QPL\include\qpl\winsys.hpp">
      <Filter>QPL\HPP</Filter>
    </ClInclude>
    <ClInclude Include="..\..\..\..\..\libraries\QPL\include\qpl\winsys_utils.hpp">
      <Filter>QPL\HPP</Filter>
    </ClInclude>
    <ClInclude Include="resource.h">
      <Filter>QPL</Filter>
    </ClInclude>
    <ClInclude Include="src\antibot.hpp">
      <Filter>Source Files</Filter>
    </ClInclude>
    <ClInclude Include="src\antibot_dumps.hpp">
      <Filter>Source Files</Filter>
    </ClInclude>
    <ClInclude Include="src\antibot_weights.hpp">
      <Filter>Source Files</Filter>
    </ClInclude>
    <ClInclude Include="src\bans_list.hpp">
      <Filter>Source Files</Filter>
    </ClInclude>
    <ClInclude Include="src\client_version.hpp">
      <Filter>Source Files</Filter>
    </ClInclude>
    <ClInclude Include="src\config.hpp">
      <Filter>Source Files</Filter>
    </ClInclude>
    <ClInclude Include="src\console_input.hpp">
      <Filter>Source Files</Filter>
    </ClInclude>
    <ClInclude Include="src\hash.hpp">
      <Filter>Source Files</Filter>
    </ClInclude>
    <ClInclude Include="src\ip.hpp">
      <Filter>Source Files</Filter>
    </ClInclude>
    <ClInclude Include="src\keys.hpp">
      <Filter>Source Files</Filter>
    </ClInclude>
    <ClInclude Include="src\log_dump.hpp">
      <Filter>Source Files</Filter>
    </ClInclude>
    <ClInclude Include="src\log_loader.hpp">
      <Filter>Source Files</Filter>
    </ClInclude>
    <ClInclude Include="src\parser.hpp">
      <Filter>Source Files</Filter>
    </ClInclude>
    <ClInclude Include="src\player.hpp">
      <Filter>Source Files</Filter>
    </ClInclude>
    <ClInclude Include="src\player_list.hpp">
      <Filter>Source Files</Filter>
    </ClInclude>
    <ClInclude Include="src\regex.hpp">
      <Filter>Source Files</Filter>
    </ClInclude>
    <ClInclude Include="src\server_dump.hpp">
      <Filter>Source Files</Filter>
    </ClInclude>
    <ClInclude Include="src\string.hpp">
      <Filter>Source Files</Filter>
    </ClInclude>
    <ClInclude Include="src\time.hpp">
      <Filter>Source Files</Filter>
    </ClInclude>
    <ClInclude Include="src\time_stamp.hpp">
      <Filter>Source Files</Filter>
    </ClInclude>
    <ClInclude Include="src\versions.hpp">
      <Filter>Source Files</Filter>
    </ClInclude>
    <ClInclude Include="src\vpn_list.hpp">
      <Filter>Source Files</Filter>
    </ClInclude>
  </ItemGroup>
  <ItemGroup>
    <ResourceCompile Include="QPL.rc">
      <Filter>Resource Files</Filter>
    </ResourceCompile>
  </ItemGroup>
  <ItemGroup>
    <Image Include="DDNetAntibot.ico">
      <Filter>Resource Files</Filter>
    </Image>
  </ItemGroup>
</Project>