<?xml version="1.0" encoding="utf-8"?>
<Project ToolsVersion="4.0" xmlns="http://schemas.microsoft.com/developer/msbuild/2003">
  <ItemGroup>
    <Filter Include="Source Files">
      <UniqueIdentifier>{4FC737F1-C7A5-4376-A066-2A32D752A2FF}</UniqueIdentifier>
      <Extensions>cpp;c;cc;cxx;c++;cppm;ixx;def;odl;idl;hpj;bat;asm;asmx</Extensions>
    </Filter>
    <Filter Include="Resource Files">
      <UniqueIdentifier>{67DA6AB6-F800-4c08-8B7A-83BB121AAD01}</UniqueIdentifier>
      <Extensions>rc;ico;cur;bmp;dlg;rc2;rct;bin;rgs;gif;jpg;jpeg;jpe;resx;tiff;tif;png;wav;mfcribbon-ms</Extensions>
    </Filter>
    <Filter Include="QPL">
      <UniqueIdentifier>{93995380-89BD-4b04-88EB-625FBE52EBFB}</UniqueIdentifier>
      <Extensions>h;hh;hpp;hxx;h++;hm;inl;inc;ipp;xsd</Extensions>
    </Filter>
    <Filter Include="QPL\HPP">
      <UniqueIdentifier>{b8805336-292a-45f4-83a3-b81bf607acc2}</UniqueIdentifier>
    </Filter>
    <Filter Include="QPL\CPP">
      <UniqueIdentifier>{8ce916a2-d535-434b-9e16-10b46f41f931}</UniqueIdentifier>
    </Filter>
  </ItemGroup>
  <ItemGroup>
    <ClCompile Include="src\main.cpp">
      <Filter>Source Files</Filter>
    </ClCompile>
    <ClCompile Include="..\..\..\..\..\libraries\QPL\src\qpl\bits.cpp">
      <Filter>QPL\CPP</Filter>
    </ClCompile>
    <ClCompile Include="..\..\..\..\..\libraries\QPL\src\qpl\camera.cpp">
      <Filter>QPL\CPP</Filter>
    </ClCompile>
    <ClCompile Include="..\..\..\..\..\libraries\QPL\src\qpl\codec.cpp">
      <Filter>QPL\CPP</Filter>
    </ClCompile>
    <ClCompile Include="..\..\..\..\..\libraries\QPL\src\qpl\color.cpp">
      <Filter>QPL\CPP</Filter>
    </ClCompile>
    <ClCompile Include="..\..\..\..\..\libraries\QPL\src\qpl\compression.cpp">
      <Filter>QPL\CPP</Filter>
    </ClCompile>
    <ClCompile Include="..\..\..\..\..\libraries\QPL\src\qpl\config.cpp">
      <Filter>QPL\CPP</Filter>
    </ClCompile>
    <ClCompile Include="..\..\..\..\..\libraries\QPL\src\qpl\date.cpp">
      <Filter>QPL\CPP</Filter>
    </ClCompile>
    <ClCompile Include="..\..\..\..\..\libraries\QPL\src\qpl\encryption.cpp">
      <Filter>QPL\CPP</Filter>
    </ClCompile>
    <ClCompile Include="..\..\..\..\..\libraries\QPL\src\qpl\filesys.cpp">
      <Filter>QPL\CPP</Filter>
    </ClCompile>
    <ClCompile Include="..\..\..\..\..\libraries\QPL\src\qpl\maths.cpp">
      <Filter>QPL\CPP</Filter>
    </ClCompile>
    <ClCompile Include="..\..\..\..\..\libraries\QPL\src\qpl\memory.cpp">
      <Filter>QPL\CPP</Filter>
    </ClCompile>
    <ClCompile Include="..\..\..\..\..\libraries\QPL\src\qpl\neural_net.cpp">
      <Filter>QPL\CPP</Filter>
    </ClCompile>
    <ClCompile Include="..\..\..\..\..\libraries\QPL\src\qpl\pictures.cpp">
      <Filter>QPL\CPP</Filter>
    </ClCompile>
    <ClCompile Include="..\..\..\..\..\libraries\QPL\src\qpl\random.cpp">
      <Filter>QPL\CPP</Filter>
    </ClCompile>
    <ClCompile Include="..\..\..\..\..\libraries\QPL\src\qpl\string.cpp">
      <Filter>QPL\CPP</Filter>
    </ClCompile>
    <ClCompile Include="..\..\..\..\..\libraries\QPL\src\qpl\system.cpp">
      <Filter>QPL\CPP</Filter>
    </ClCompile>
    <ClCompile Include="..\..\..\..\..\libraries\QPL\src\qpl\time.cpp">
      <Filter>QPL\CPP</Filter>
    </ClCompile>
    <ClCompile Include="..\..\..\..\..\libraries\QPL\src\qpl\winsock.cpp">
      <Filter>QPL\CPP</Filter>
    </ClCompile>
    <ClCompile Include="..\..\..\..\..\libraries\QPL\src\qpl\winsys.cpp">
      <Filter>QPL\CPP</Filter>
    </ClCompile>
    <ClCompile Include="..\..\..\..\..\libraries\QPL\src\qpl\winsys_utils.cpp">
      <Filter>QPL\CPP</Filter>
    </ClCompile>
  </ItemGroup>
  <ItemGroup>
    <ClInclude Include="resource.h">
      <Filter>QPL</Filter>
    </ClInclude>
    <ClInclude Include="..\..\..\..\..\libraries\QPL\include\qpl\algorithm.hpp">
      <Filter>QPL\HPP</Filter>
    </ClInclude>
    <ClInclude Include="..\..\..\..\..\libraries\QPL\include\qpl\bits.hpp">
      <Filter>QPL\HPP</Filter>
    </ClInclude>
    <ClInclude Include="..\..\..\..\..\libraries\QPL\include\qpl\camera.hpp">
      <Filter>QPL\HPP</Filter>
    </ClInclude>
    <ClInclude Include="..\..\..\..\..\libraries\QPL\include\qpl\codec.hpp">
      <Filter>QPL\HPP</Filter>
    </ClInclude>
    <ClInclude Include="..\..\..\..\..\libraries\QPL\include\qpl\color.hpp">
      <Filter>QPL\HPP</Filter>
    </ClInclude>
    <ClInclude Include="..\..\..\..\..\libraries\QPL\include\qpl\compression.hpp">
      <Filter>QPL\HPP</Filter>
    </ClInclude>
    <ClInclude Include="..\..\..\..\..\libraries\QPL\include\qpl\config.hpp">
      <Filter>QPL\HPP</Filter>
    </ClInclude>
    <ClInclude Include="..\..\..\..\..\libraries\QPL\include\qpl\date.hpp">
      <Filter>QPL\HPP</Filter>
    </ClInclude>
    <ClInclude Include="..\..\..\..\..\libraries\QPL\include\qpl\defines.hpp">
      <Filter>QPL\HPP</Filter>
    </ClInclude>
    <ClInclude Include="..\..\..\..\..\libraries\QPL\include\qpl\encryption.hpp">
      <Filter>QPL\HPP</Filter>
    </ClInclude>
    <ClInclude Include="..\..\..\..\..\libraries\QPL\include\qpl\exception.hpp">
      <Filter>QPL\HPP</Filter>
    </ClInclude>
    <ClInclude Include="..\..\..\..\..\libraries\QPL\include\qpl\filesys.hpp">
      <Filter>QPL\HPP</Filter>
    </ClInclude>
    <ClInclude Include="..\..\..\..\..\libraries\QPL\include\qpl\fraction.hpp">
      <Filter>QPL\HPP</Filter>
    </ClInclude>
    <ClInclude Include="..\..\..\..\..\libraries\QPL\include\qpl\intrinsics.hpp">
      <Filter>QPL\HPP</Filter>
    </ClInclude>
    <ClInclude Include="..\..\..\..\..\libraries\QPL\include\qpl\iterator.hpp">
      <Filter>QPL\HPP</Filter>
    </ClInclude>
    <ClInclude Include="..\..\..\..\..\libraries\QPL\include\qpl\lut.hpp">
      <Filter>QPL\HPP</Filter>
    </ClInclude>
    <ClInclude Include="..\..\..\..\..\libraries\QPL\include\qpl\maths.hpp">
      <Filter>QPL\HPP</Filter>
    </ClInclude>
    <ClInclude Include="..\..\..\..\..\libraries\QPL\include\qpl\memory.hpp">
      <Filter>QPL\HPP</Filter>
    </ClInclude>
    <ClInclude Include="..\..\..\..\..\libraries\QPL\include\qpl\neural_net.hpp">
      <Filter>QPL\HPP</Filter>
    </ClInclude>
    <ClInclude Include="..\..\..\..\..\libraries\QPL\include\qpl\number.hpp">
      <Filter>QPL\HPP</Filter>
    </ClInclude>
    <ClInclude Include="..\..\..\..\..\libraries\QPL\include\qpl\obfuscate.hpp">
      <Filter>QPL\HPP</Filter>
    </ClInclude>
    <ClInclude Include="..\..\..\..\..\libraries\QPL\include\qpl\path_finding.hpp">
      <Filter>QPL\HPP</Filter>
    </ClInclude>
    <ClInclude Include="..\..\..\..\..\libraries\QPL\include\qpl\perlin_noise.hpp">
      <Filter>QPL\HPP</Filter>
    </ClInclude>
    <ClInclude Include="..\..\..\..\..\libraries\QPL\include\qpl\pictures.hpp">
      <Filter>QPL\HPP</Filter>
    </ClInclude>
    <ClInclude Include="..\..\..\..\..\libraries\QPL\include\qpl\qpl.hpp">
      <Filter>QPL\HPP</Filter>
    </ClInclude>
    <ClInclude Include="..\..\..\..\..\libraries\QPL\include\qpl\qpldeclspec.hpp">
      <Filter>QPL\HPP</Filter>
    </ClInclude>
    <ClInclude Include="..\..\..\..\..\libraries\QPL\include\qpl\random.hpp">
      <Filter>QPL\HPP</Filter>
    </ClInclude>
    <ClInclude Include="..\..\..\..\..\libraries\QPL\include\qpl\smooth.hpp">
      <Filter>QPL\HPP</Filter>
    </ClInclude>
    <ClInclude Include="..\..\..\..\..\libraries\QPL\include\qpl\string.hpp">
      <Filter>QPL\HPP</Filter>
    </ClInclude>
    <ClInclude Include="..\..\..\..\..\libraries\QPL\include\qpl\system.hpp">
      <Filter>QPL\HPP</Filter>
    </ClInclude>
    <ClInclude Include="..\..\..\..\..\libraries\QPL\include\qpl\time.hpp">
      <Filter>QPL\HPP</Filter>
    </ClInclude>
    <ClInclude Include="..\..\..\..\..\libraries\QPL\include\qpl\type_traits.hpp">
      <Filter>QPL\HPP</Filter>
    </ClInclude>
    <ClInclude Include="..\..\..\..\..\libraries\QPL\include\qpl\vardef.hpp">
      <Filter>QPL\HPP</Filter>
    </ClInclude>
    <ClInclude Include="..\..\..\..\..\libraries\QPL\include\qpl\vector.hpp">
      <Filter>QPL\HPP</Filter>
    </ClInclude>
    <ClInclude Include="..\..\..\..\..\libraries\QPL\include\qpl\winsock.hpp">
      <Filter>QPL\HPP</Filter>
    </ClInclude>
    <ClInclude Include="..\..\..\..\..\libraries\QPL\include\qpl\winsys.hpp">
      <Filter>QPL\HPP</Filter>
    </ClInclude>
    <ClInclude Include="..\..\..\..\..\libraries\QPL\include\qpl\winsys_utils.hpp">
      <Filter>QPL\HPP</Filter>
    </ClInclude>
  </ItemGroup>
  <ItemGroup>
    <ResourceCompile Include="QPL.rc">
      <Filter>Resource Files</Filter>
    </ResourceCompile>
  </ItemGroup>
  <ItemGroup>
    <Image Include="DDNetAntibot.ico">
      <Filter>Resource Files</Filter>
    </Image>
  </ItemGroup>
</Project>